
Microsoft Visual Studio Solution File, Format Version 12.00
# Visual Studio Version 16
VisualStudioVersion = 16.0.30611.23
MinimumVisualStudioVersion = 10.0.40219.1
Project("{FAE04EC0-301F-11D3-BF4B-00C04F79EFBC}") = "cs-graphics-math", "cs-graphics-math.csproj", "{2EF3275D-A957-428E-94A9-729C992D14AD}"
EndProject
Global
	GlobalSection(SolutionConfigurationPlatforms) = preSolution
		Debug|Any CPU = Debug|Any CPU
		Release|Any CPU = Release|Any CPU
	EndGlobalSection
	GlobalSection(ProjectConfigurationPlatforms) = postSolution
		{2EF3275D-A957-428E-94A9-729C992D14AD}.Debug|Any CPU.ActiveCfg = Debug|Any CPU
		{2EF3275D-A957-428E-94A9-729C992D14AD}.Debug|Any CPU.Build.0 = Debug|Any CPU
		{2EF3275D-A957-428E-94A9-729C992D14AD}.Release|Any CPU.ActiveCfg = Release|Any CPU
		{2EF3275D-A957-428E-94A9-729C992D14AD}.Release|Any CPU.Build.0 = Release|Any CPU
	EndGlobalSection
	GlobalSection(SolutionProperties) = preSolution
		HideSolutionNode = FALSE
	EndGlobalSection
	GlobalSection(ExtensibilityGlobals) = postSolution
		SolutionGuid = {70D0B74A-7B62-476F-BD71-6C4D992E29B0}
	EndGlobalSection
EndGlobal
